
Microsoft Visual Studio Solution File, Format Version 12.00
# Visual Studio Version 17
VisualStudioVersion = 17.12.35521.163
MinimumVisualStudioVersion = 10.0.40219.1
Project("{FAE04EC0-301F-11D3-BF4B-00C04F79EFBC}") = "Singleton", "SingletonPattern\Singleton.csproj", "{D588F9A7-03BB-4F1F-A722-25CABFF57166}"
EndProject
Project("{FAE04EC0-301F-11D3-BF4B-00C04F79EFBC}") = "AbstractFactory", "AbstractFactory\AbstractFactory.csproj", "{D724A96E-C38D-4213-B386-390C4B8DAA6F}"
EndProject
Project("{FAE04EC0-301F-11D3-BF4B-00C04F79EFBC}") = "Builder", "Builder\Builder.csproj", "{D66B2CE8-2E73-4210-8C40-5A0562C30585}"
EndProject
Project("{FAE04EC0-301F-11D3-BF4B-00C04F79EFBC}") = "Prototype", "Prototype\Prototype.csproj", "{C84FD8C5-045A-45DF-B7C3-3D01CD4E217A}"
EndProject
Project("{FAE04EC0-301F-11D3-BF4B-00C04F79EFBC}") = "FactoryMethod", "FactoryMethod\FactoryMethod.csproj", "{6DCEA977-4981-4475-8F29-4D7E6629FD33}"
EndProject
Project("{2150E333-8FDC-42A3-9474-1A3956D46DE8}") = "CreationalPatterns", "CreationalPatterns", "{6D0A9B90-A929-49ED-8DCF-E1605F329387}"
EndProject
Project("{2150E333-8FDC-42A3-9474-1A3956D46DE8}") = "StructuralPatterns", "StructuralPatterns", "{2E3059F2-5F6C-477F-8D6C-6619D6A8B753}"
EndProject
Project("{2150E333-8FDC-42A3-9474-1A3956D46DE8}") = "BehavioralPatterns", "BehavioralPatterns", "{A8C45747-20F5-47DA-9F18-E677261B2663}"
EndProject
Project("{FAE04EC0-301F-11D3-BF4B-00C04F79EFBC}") = "Adapter", "Adapter\Adapter.csproj", "{064235BA-9298-4C7B-8C31-2C32E7751E5C}"
EndProject
Project("{FAE04EC0-301F-11D3-BF4B-00C04F79EFBC}") = "Bridge", "Bridge\Bridge.csproj", "{C7A37B57-BE0E-4201-A184-35FD77DE4C30}"
EndProject
Project("{FAE04EC0-301F-11D3-BF4B-00C04F79EFBC}") = "Composite", "Composite\Composite.csproj", "{89CE6237-0BF9-40D6-AAC7-0A10A7423929}"
EndProject
Project("{FAE04EC0-301F-11D3-BF4B-00C04F79EFBC}") = "Decorator", "Decorator\Decorator.csproj", "{ECF839CE-E022-42A1-8C06-521700436827}"
EndProject
Project("{FAE04EC0-301F-11D3-BF4B-00C04F79EFBC}") = "Facade", "Facade\Facade.csproj", "{963DF50C-6E20-4CDF-A466-1CDB14789E17}"
EndProject
Project("{FAE04EC0-301F-11D3-BF4B-00C04F79EFBC}") = "FlyWeight", "FlyWeight\FlyWeight.csproj", "{9D0ABC24-D75A-42AE-90F7-15D10755759C}"
EndProject
Project("{FAE04EC0-301F-11D3-BF4B-00C04F79EFBC}") = "Proxy", "Proxy\Proxy.csproj", "{951241C6-AAE8-4F92-BA0B-4EBCB9B88C8C}"
EndProject
Project("{FAE04EC0-301F-11D3-BF4B-00C04F79EFBC}") = "Chain of Responsibility", "Chain of Responsibility\Chain of Responsibility.csproj", "{0D56CEEB-CC0E-48C7-A210-0473FDF27493}"
EndProject
Project("{FAE04EC0-301F-11D3-BF4B-00C04F79EFBC}") = "Command", "Command\Command.csproj", "{6D26F9EF-1707-485A-A880-BDB2350B6365}"
EndProject
Project("{FAE04EC0-301F-11D3-BF4B-00C04F79EFBC}") = "Iterator", "Iterator\Iterator.csproj", "{C9F7C053-5498-44DF-8356-C42F964FFE46}"
EndProject
Project("{FAE04EC0-301F-11D3-BF4B-00C04F79EFBC}") = "Mediator", "Mediator\Mediator.csproj", "{5AFD508B-67EC-4107-A9C7-595F11CDB571}"
EndProject
Project("{FAE04EC0-301F-11D3-BF4B-00C04F79EFBC}") = "Memento", "Memento\Memento.csproj", "{63C3B466-3590-4DBA-BFD6-01010BB198F6}"
EndProject
Project("{FAE04EC0-301F-11D3-BF4B-00C04F79EFBC}") = "Observer", "Observer\Observer.csproj", "{2DC2324B-DA0D-4ADF-86C6-20CBE09EE57F}"
EndProject
Project("{FAE04EC0-301F-11D3-BF4B-00C04F79EFBC}") = "State", "State\State.csproj", "{6E6D170C-02FE-4A4B-BC7D-D9E8730964B6}"
EndProject
Project("{FAE04EC0-301F-11D3-BF4B-00C04F79EFBC}") = "Strategy", "Strategy\Strategy.csproj", "{6667AE95-5D55-4D55-A04A-318F1F13D3E3}"
EndProject
Project("{FAE04EC0-301F-11D3-BF4B-00C04F79EFBC}") = "Template Method", "Template Method\Template Method.csproj", "{09EF6EF9-9500-451D-B41C-5114ECFB5085}"
EndProject
Project("{FAE04EC0-301F-11D3-BF4B-00C04F79EFBC}") = "Visitor", "Visitor\Visitor.csproj", "{1FDCA04A-13B5-499B-AC42-6EA985B2901C}"
EndProject
Global
	GlobalSection(SolutionConfigurationPlatforms) = preSolution
		Debug|Any CPU = Debug|Any CPU
		Release|Any CPU = Release|Any CPU
	EndGlobalSection
	GlobalSection(ProjectConfigurationPlatforms) = postSolution
		{D588F9A7-03BB-4F1F-A722-25CABFF57166}.Debug|Any CPU.ActiveCfg = Debug|Any CPU
		{D588F9A7-03BB-4F1F-A722-25CABFF57166}.Debug|Any CPU.Build.0 = Debug|Any CPU
		{D588F9A7-03BB-4F1F-A722-25CABFF57166}.Release|Any CPU.ActiveCfg = Release|Any CPU
		{D588F9A7-03BB-4F1F-A722-25CABFF57166}.Release|Any CPU.Build.0 = Release|Any CPU
		{D724A96E-C38D-4213-B386-390C4B8DAA6F}.Debug|Any CPU.ActiveCfg = Debug|Any CPU
		{D724A96E-C38D-4213-B386-390C4B8DAA6F}.Debug|Any CPU.Build.0 = Debug|Any CPU
		{D724A96E-C38D-4213-B386-390C4B8DAA6F}.Release|Any CPU.ActiveCfg = Release|Any CPU
		{D724A96E-C38D-4213-B386-390C4B8DAA6F}.Release|Any CPU.Build.0 = Release|Any CPU
		{D66B2CE8-2E73-4210-8C40-5A0562C30585}.Debug|Any CPU.ActiveCfg = Debug|Any CPU
		{D66B2CE8-2E73-4210-8C40-5A0562C30585}.Debug|Any CPU.Build.0 = Debug|Any CPU
		{D66B2CE8-2E73-4210-8C40-5A0562C30585}.Release|Any CPU.ActiveCfg = Release|Any CPU
		{D66B2CE8-2E73-4210-8C40-5A0562C30585}.Release|Any CPU.Build.0 = Release|Any CPU
		{C84FD8C5-045A-45DF-B7C3-3D01CD4E217A}.Debug|Any CPU.ActiveCfg = Debug|Any CPU
		{C84FD8C5-045A-45DF-B7C3-3D01CD4E217A}.Debug|Any CPU.Build.0 = Debug|Any CPU
		{C84FD8C5-045A-45DF-B7C3-3D01CD4E217A}.Release|Any CPU.ActiveCfg = Release|Any CPU
		{C84FD8C5-045A-45DF-B7C3-3D01CD4E217A}.Release|Any CPU.Build.0 = Release|Any CPU
		{6DCEA977-4981-4475-8F29-4D7E6629FD33}.Debug|Any CPU.ActiveCfg = Debug|Any CPU
		{6DCEA977-4981-4475-8F29-4D7E6629FD33}.Debug|Any CPU.Build.0 = Debug|Any CPU
		{6DCEA977-4981-4475-8F29-4D7E6629FD33}.Release|Any CPU.ActiveCfg = Release|Any CPU
		{6DCEA977-4981-4475-8F29-4D7E6629FD33}.Release|Any CPU.Build.0 = Release|Any CPU
		{064235BA-9298-4C7B-8C31-2C32E7751E5C}.Debug|Any CPU.ActiveCfg = Debug|Any CPU
		{064235BA-9298-4C7B-8C31-2C32E7751E5C}.Debug|Any CPU.Build.0 = Debug|Any CPU
		{064235BA-9298-4C7B-8C31-2C32E7751E5C}.Release|Any CPU.ActiveCfg = Release|Any CPU
		{064235BA-9298-4C7B-8C31-2C32E7751E5C}.Release|Any CPU.Build.0 = Release|Any CPU
		{C7A37B57-BE0E-4201-A184-35FD77DE4C30}.Debug|Any CPU.ActiveCfg = Debug|Any CPU
		{C7A37B57-BE0E-4201-A184-35FD77DE4C30}.Debug|Any CPU.Build.0 = Debug|Any CPU
		{C7A37B57-BE0E-4201-A184-35FD77DE4C30}.Release|Any CPU.ActiveCfg = Release|Any CPU
		{C7A37B57-BE0E-4201-A184-35FD77DE4C30}.Release|Any CPU.Build.0 = Release|Any CPU
		{89CE6237-0BF9-40D6-AAC7-0A10A7423929}.Debug|Any CPU.ActiveCfg = Debug|Any CPU
		{89CE6237-0BF9-40D6-AAC7-0A10A7423929}.Debug|Any CPU.Build.0 = Debug|Any CPU
		{89CE6237-0BF9-40D6-AAC7-0A10A7423929}.Release|Any CPU.ActiveCfg = Release|Any CPU
		{89CE6237-0BF9-40D6-AAC7-0A10A7423929}.Release|Any CPU.Build.0 = Release|Any CPU
		{ECF839CE-E022-42A1-8C06-521700436827}.Debug|Any CPU.ActiveCfg = Debug|Any CPU
		{ECF839CE-E022-42A1-8C06-521700436827}.Debug|Any CPU.Build.0 = Debug|Any CPU
		{ECF839CE-E022-42A1-8C06-521700436827}.Release|Any CPU.ActiveCfg = Release|Any CPU
		{ECF839CE-E022-42A1-8C06-521700436827}.Release|Any CPU.Build.0 = Release|Any CPU
		{963DF50C-6E20-4CDF-A466-1CDB14789E17}.Debug|Any CPU.ActiveCfg = Debug|Any CPU
		{963DF50C-6E20-4CDF-A466-1CDB14789E17}.Debug|Any CPU.Build.0 = Debug|Any CPU
		{963DF50C-6E20-4CDF-A466-1CDB14789E17}.Release|Any CPU.ActiveCfg = Release|Any CPU
		{963DF50C-6E20-4CDF-A466-1CDB14789E17}.Release|Any CPU.Build.0 = Release|Any CPU
		{9D0ABC24-D75A-42AE-90F7-15D10755759C}.Debug|Any CPU.ActiveCfg = Debug|Any CPU
		{9D0ABC24-D75A-42AE-90F7-15D10755759C}.Debug|Any CPU.Build.0 = Debug|Any CPU
		{9D0ABC24-D75A-42AE-90F7-15D10755759C}.Release|Any CPU.ActiveCfg = Release|Any CPU
		{9D0ABC24-D75A-42AE-90F7-15D10755759C}.Release|Any CPU.Build.0 = Release|Any CPU
		{951241C6-AAE8-4F92-BA0B-4EBCB9B88C8C}.Debug|Any CPU.ActiveCfg = Debug|Any CPU
		{951241C6-AAE8-4F92-BA0B-4EBCB9B88C8C}.Debug|Any CPU.Build.0 = Debug|Any CPU
		{951241C6-AAE8-4F92-BA0B-4EBCB9B88C8C}.Release|Any CPU.ActiveCfg = Release|Any CPU
		{951241C6-AAE8-4F92-BA0B-4EBCB9B88C8C}.Release|Any CPU.Build.0 = Release|Any CPU
		{0D56CEEB-CC0E-48C7-A210-0473FDF27493}.Debug|Any CPU.ActiveCfg = Debug|Any CPU
		{0D56CEEB-CC0E-48C7-A210-0473FDF27493}.Debug|Any CPU.Build.0 = Debug|Any CPU
		{0D56CEEB-CC0E-48C7-A210-0473FDF27493}.Release|Any CPU.ActiveCfg = Release|Any CPU
		{0D56CEEB-CC0E-48C7-A210-0473FDF27493}.Release|Any CPU.Build.0 = Release|Any CPU
		{6D26F9EF-1707-485A-A880-BDB2350B6365}.Debug|Any CPU.ActiveCfg = Debug|Any CPU
		{6D26F9EF-1707-485A-A880-BDB2350B6365}.Debug|Any CPU.Build.0 = Debug|Any CPU
		{6D26F9EF-1707-485A-A880-BDB2350B6365}.Release|Any CPU.ActiveCfg = Release|Any CPU
		{6D26F9EF-1707-485A-A880-BDB2350B6365}.Release|Any CPU.Build.0 = Release|Any CPU
		{C9F7C053-5498-44DF-8356-C42F964FFE46}.Debug|Any CPU.ActiveCfg = Debug|Any CPU
		{C9F7C053-5498-44DF-8356-C42F964FFE46}.Debug|Any CPU.Build.0 = Debug|Any CPU
		{C9F7C053-5498-44DF-8356-C42F964FFE46}.Release|Any CPU.ActiveCfg = Release|Any CPU
		{C9F7C053-5498-44DF-8356-C42F964FFE46}.Release|Any CPU.Build.0 = Release|Any CPU
		{5AFD508B-67EC-4107-A9C7-595F11CDB571}.Debug|Any CPU.ActiveCfg = Debug|Any CPU
		{5AFD508B-67EC-4107-A9C7-595F11CDB571}.Debug|Any CPU.Build.0 = Debug|Any CPU
		{5AFD508B-67EC-4107-A9C7-595F11CDB571}.Release|Any CPU.ActiveCfg = Release|Any CPU
		{5AFD508B-67EC-4107-A9C7-595F11CDB571}.Release|Any CPU.Build.0 = Release|Any CPU
		{63C3B466-3590-4DBA-BFD6-01010BB198F6}.Debug|Any CPU.ActiveCfg = Debug|Any CPU
		{63C3B466-3590-4DBA-BFD6-01010BB198F6}.Debug|Any CPU.Build.0 = Debug|Any CPU
		{63C3B466-3590-4DBA-BFD6-01010BB198F6}.Release|Any CPU.ActiveCfg = Release|Any CPU
		{63C3B466-3590-4DBA-BFD6-01010BB198F6}.Release|Any CPU.Build.0 = Release|Any CPU
		{2DC2324B-DA0D-4ADF-86C6-20CBE09EE57F}.Debug|Any CPU.ActiveCfg = Debug|Any CPU
		{2DC2324B-DA0D-4ADF-86C6-20CBE09EE57F}.Debug|Any CPU.Build.0 = Debug|Any CPU
		{2DC2324B-DA0D-4ADF-86C6-20CBE09EE57F}.Release|Any CPU.ActiveCfg = Release|Any CPU
		{2DC2324B-DA0D-4ADF-86C6-20CBE09EE57F}.Release|Any CPU.Build.0 = Release|Any CPU
		{6E6D170C-02FE-4A4B-BC7D-D9E8730964B6}.Debug|Any CPU.ActiveCfg = Debug|Any CPU
		{6E6D170C-02FE-4A4B-BC7D-D9E8730964B6}.Debug|Any CPU.Build.0 = Debug|Any CPU
		{6E6D170C-02FE-4A4B-BC7D-D9E8730964B6}.Release|Any CPU.ActiveCfg = Release|Any CPU
		{6E6D170C-02FE-4A4B-BC7D-D9E8730964B6}.Release|Any CPU.Build.0 = Release|Any CPU
		{6667AE95-5D55-4D55-A04A-318F1F13D3E3}.Debug|Any CPU.ActiveCfg = Debug|Any CPU
		{6667AE95-5D55-4D55-A04A-318F1F13D3E3}.Debug|Any CPU.Build.0 = Debug|Any CPU
		{6667AE95-5D55-4D55-A04A-318F1F13D3E3}.Release|Any CPU.ActiveCfg = Release|Any CPU
		{6667AE95-5D55-4D55-A04A-318F1F13D3E3}.Release|Any CPU.Build.0 = Release|Any CPU
		{09EF6EF9-9500-451D-B41C-5114ECFB5085}.Debug|Any CPU.ActiveCfg = Debug|Any CPU
		{09EF6EF9-9500-451D-B41C-5114ECFB5085}.Debug|Any CPU.Build.0 = Debug|Any CPU
		{09EF6EF9-9500-451D-B41C-5114ECFB5085}.Release|Any CPU.ActiveCfg = Release|Any CPU
		{09EF6EF9-9500-451D-B41C-5114ECFB5085}.Release|Any CPU.Build.0 = Release|Any CPU
		{1FDCA04A-13B5-499B-AC42-6EA985B2901C}.Debug|Any CPU.ActiveCfg = Debug|Any CPU
		{1FDCA04A-13B5-499B-AC42-6EA985B2901C}.Debug|Any CPU.Build.0 = Debug|Any CPU
		{1FDCA04A-13B5-499B-AC42-6EA985B2901C}.Release|Any CPU.ActiveCfg = Release|Any CPU
		{1FDCA04A-13B5-499B-AC42-6EA985B2901C}.Release|Any CPU.Build.0 = Release|Any CPU
	EndGlobalSection
	GlobalSection(SolutionProperties) = preSolution
		HideSolutionNode = FALSE
	EndGlobalSection
	GlobalSection(NestedProjects) = preSolution
		{D588F9A7-03BB-4F1F-A722-25CABFF57166} = {6D0A9B90-A929-49ED-8DCF-E1605F329387}
		{D724A96E-C38D-4213-B386-390C4B8DAA6F} = {6D0A9B90-A929-49ED-8DCF-E1605F329387}
		{D66B2CE8-2E73-4210-8C40-5A0562C30585} = {6D0A9B90-A929-49ED-8DCF-E1605F329387}
		{C84FD8C5-045A-45DF-B7C3-3D01CD4E217A} = {6D0A9B90-A929-49ED-8DCF-E1605F329387}
		{6DCEA977-4981-4475-8F29-4D7E6629FD33} = {6D0A9B90-A929-49ED-8DCF-E1605F329387}
		{064235BA-9298-4C7B-8C31-2C32E7751E5C} = {2E3059F2-5F6C-477F-8D6C-6619D6A8B753}
		{C7A37B57-BE0E-4201-A184-35FD77DE4C30} = {2E3059F2-5F6C-477F-8D6C-6619D6A8B753}
		{89CE6237-0BF9-40D6-AAC7-0A10A7423929} = {2E3059F2-5F6C-477F-8D6C-6619D6A8B753}
		{ECF839CE-E022-42A1-8C06-521700436827} = {2E3059F2-5F6C-477F-8D6C-6619D6A8B753}
		{963DF50C-6E20-4CDF-A466-1CDB14789E17} = {2E3059F2-5F6C-477F-8D6C-6619D6A8B753}
		{9D0ABC24-D75A-42AE-90F7-15D10755759C} = {2E3059F2-5F6C-477F-8D6C-6619D6A8B753}
		{951241C6-AAE8-4F92-BA0B-4EBCB9B88C8C} = {2E3059F2-5F6C-477F-8D6C-6619D6A8B753}
		{0D56CEEB-CC0E-48C7-A210-0473FDF27493} = {A8C45747-20F5-47DA-9F18-E677261B2663}
		{6D26F9EF-1707-485A-A880-BDB2350B6365} = {A8C45747-20F5-47DA-9F18-E677261B2663}
		{C9F7C053-5498-44DF-8356-C42F964FFE46} = {A8C45747-20F5-47DA-9F18-E677261B2663}
		{5AFD508B-67EC-4107-A9C7-595F11CDB571} = {A8C45747-20F5-47DA-9F18-E677261B2663}
		{63C3B466-3590-4DBA-BFD6-01010BB198F6} = {A8C45747-20F5-47DA-9F18-E677261B2663}
		{2DC2324B-DA0D-4ADF-86C6-20CBE09EE57F} = {A8C45747-20F5-47DA-9F18-E677261B2663}
		{6E6D170C-02FE-4A4B-BC7D-D9E8730964B6} = {A8C45747-20F5-47DA-9F18-E677261B2663}
		{6667AE95-5D55-4D55-A04A-318F1F13D3E3} = {A8C45747-20F5-47DA-9F18-E677261B2663}
		{09EF6EF9-9500-451D-B41C-5114ECFB5085} = {A8C45747-20F5-47DA-9F18-E677261B2663}
		{1FDCA04A-13B5-499B-AC42-6EA985B2901C} = {A8C45747-20F5-47DA-9F18-E677261B2663}
	EndGlobalSection
EndGlobal
